// !$*UTF8*$!
{
	archiveVersion = 1;
	classes = {
	};
	objectVersion = 51;
	objects = {

/* Begin PBXBuildFile section */
		5AF8FD5606113E1F86EF33AF /* Pods_App_AppTests.framework in Frameworks */ = {isa = PBXBuildFile; fileRef = 70F9382E4731686E02F28970 /* Pods_App_AppTests.framework */; };
		97B997DB3CEE7F016CA8FDAE /* Pods_App.framework in Frameworks */ = {isa = PBXBuildFile; fileRef = 729B74F46128B8A2366694A5 /* Pods_App.framework */; };
		B601270B26200D0400006CB7 /* Facts.framework in Frameworks */ = {isa = PBXBuildFile; fileRef = B6A6CB6D2613FC0C0097A2DF /* Facts.framework */; };
		B601270C26200D0400006CB7 /* Facts.framework in Embed Frameworks */ = {isa = PBXBuildFile; fileRef = B6A6CB6D2613FC0C0097A2DF /* Facts.framework */; settings = {ATTRIBUTES = (CodeSignOnCopy, RemoveHeadersOnCopy, ); }; };
		B601270F26200D3B00006CB7 /* AppNavigation.framework in Frameworks */ = {isa = PBXBuildFile; fileRef = B601270E26200D3B00006CB7 /* AppNavigation.framework */; };
		B601271026200D3B00006CB7 /* AppNavigation.framework in Embed Frameworks */ = {isa = PBXBuildFile; fileRef = B601270E26200D3B00006CB7 /* AppNavigation.framework */; settings = {ATTRIBUTES = (CodeSignOnCopy, RemoveHeadersOnCopy, ); }; };
		B601271326200D5800006CB7 /* Domain.framework in Frameworks */ = {isa = PBXBuildFile; fileRef = B601271226200D5800006CB7 /* Domain.framework */; };
		B601271426200D5800006CB7 /* Domain.framework in Embed Frameworks */ = {isa = PBXBuildFile; fileRef = B601271226200D5800006CB7 /* Domain.framework */; settings = {ATTRIBUTES = (CodeSignOnCopy, RemoveHeadersOnCopy, ); }; };
		B601273326201FC400006CB7 /* Networking.framework in Frameworks */ = {isa = PBXBuildFile; fileRef = B601273226201FC400006CB7 /* Networking.framework */; };
		B601273426201FC400006CB7 /* Networking.framework in Embed Frameworks */ = {isa = PBXBuildFile; fileRef = B601273226201FC400006CB7 /* Networking.framework */; settings = {ATTRIBUTES = (CodeSignOnCopy, RemoveHeadersOnCopy, ); }; };
		B6A6C95C2613E91A0097A2DF /* AppDelegate.swift in Sources */ = {isa = PBXBuildFile; fileRef = B6A6C95B2613E91A0097A2DF /* AppDelegate.swift */; };
		B6A6C95E2613E91A0097A2DF /* SceneDelegate.swift in Sources */ = {isa = PBXBuildFile; fileRef = B6A6C95D2613E91A0097A2DF /* SceneDelegate.swift */; };
		B6A6C9652613E91C0097A2DF /* Assets.xcassets in Resources */ = {isa = PBXBuildFile; fileRef = B6A6C9642613E91C0097A2DF /* Assets.xcassets */; };
		B6A6C9682613E91C0097A2DF /* LaunchScreen.storyboard in Resources */ = {isa = PBXBuildFile; fileRef = B6A6C9662613E91C0097A2DF /* LaunchScreen.storyboard */; };
		B6A6C9732613E91C0097A2DF /* AppTests.swift in Sources */ = {isa = PBXBuildFile; fileRef = B6A6C9722613E91C0097A2DF /* AppTests.swift */; };
		B6A6CAD52613F6F80097A2DF /* DI.framework in Frameworks */ = {isa = PBXBuildFile; fileRef = B6A6CAD42613F6F80097A2DF /* DI.framework */; };
		B6A6CAD62613F6F80097A2DF /* DI.framework in Embed Frameworks */ = {isa = PBXBuildFile; fileRef = B6A6CAD42613F6F80097A2DF /* DI.framework */; settings = {ATTRIBUTES = (CodeSignOnCopy, RemoveHeadersOnCopy, ); }; };
/* End PBXBuildFile section */

/* Begin PBXContainerItemProxy section */
		B6A6C96F2613E91C0097A2DF /* PBXContainerItemProxy */ = {
			isa = PBXContainerItemProxy;
			containerPortal = B6A6C9502613E91A0097A2DF /* Project object */;
			proxyType = 1;
			remoteGlobalIDString = B6A6C9572613E91A0097A2DF;
			remoteInfo = App;
		};
/* End PBXContainerItemProxy section */

/* Begin PBXCopyFilesBuildPhase section */
		B6A6CAD72613F6F80097A2DF /* Embed Frameworks */ = {
			isa = PBXCopyFilesBuildPhase;
			buildActionMask = 2147483647;
			dstPath = "";
			dstSubfolderSpec = 10;
			files = (
				B601271426200D5800006CB7 /* Domain.framework in Embed Frameworks */,
				B601271026200D3B00006CB7 /* AppNavigation.framework in Embed Frameworks */,
				B601270C26200D0400006CB7 /* Facts.framework in Embed Frameworks */,
				B601273426201FC400006CB7 /* Networking.framework in Embed Frameworks */,
				B6A6CAD62613F6F80097A2DF /* DI.framework in Embed Frameworks */,
			);
			name = "Embed Frameworks";
			runOnlyForDeploymentPostprocessing = 0;
		};
/* End PBXCopyFilesBuildPhase section */

/* Begin PBXFileReference section */
		020B6710FC0ECD60F5612678 /* Pods-App-AppTests.release.xcconfig */ = {isa = PBXFileReference; includeInIndex = 1; lastKnownFileType = text.xcconfig; name = "Pods-App-AppTests.release.xcconfig"; path = "Target Support Files/Pods-App-AppTests/Pods-App-AppTests.release.xcconfig"; sourceTree = "<group>"; };
		70F9382E4731686E02F28970 /* Pods_App_AppTests.framework */ = {isa = PBXFileReference; explicitFileType = wrapper.framework; includeInIndex = 0; path = Pods_App_AppTests.framework; sourceTree = BUILT_PRODUCTS_DIR; };
		729B74F46128B8A2366694A5 /* Pods_App.framework */ = {isa = PBXFileReference; explicitFileType = wrapper.framework; includeInIndex = 0; path = Pods_App.framework; sourceTree = BUILT_PRODUCTS_DIR; };
		80F970A8093F73D92F845D5C /* Pods-AppTests.release.xcconfig */ = {isa = PBXFileReference; includeInIndex = 1; lastKnownFileType = text.xcconfig; name = "Pods-AppTests.release.xcconfig"; path = "Target Support Files/Pods-AppTests/Pods-AppTests.release.xcconfig"; sourceTree = "<group>"; };
		8F4845B509E4592B60751EE5 /* Pods-App-AppTests.debug.xcconfig */ = {isa = PBXFileReference; includeInIndex = 1; lastKnownFileType = text.xcconfig; name = "Pods-App-AppTests.debug.xcconfig"; path = "Target Support Files/Pods-App-AppTests/Pods-App-AppTests.debug.xcconfig"; sourceTree = "<group>"; };
		B601270E26200D3B00006CB7 /* AppNavigation.framework */ = {isa = PBXFileReference; explicitFileType = wrapper.framework; path = AppNavigation.framework; sourceTree = BUILT_PRODUCTS_DIR; };
		B601271226200D5800006CB7 /* Domain.framework */ = {isa = PBXFileReference; explicitFileType = wrapper.framework; path = Domain.framework; sourceTree = BUILT_PRODUCTS_DIR; };
		B601273226201FC400006CB7 /* Networking.framework */ = {isa = PBXFileReference; explicitFileType = wrapper.framework; path = Networking.framework; sourceTree = BUILT_PRODUCTS_DIR; };
		B63722602618DEC800295E72 /* DITests.xctest */ = {isa = PBXFileReference; explicitFileType = wrapper.cfbundle; path = DITests.xctest; sourceTree = BUILT_PRODUCTS_DIR; };
		B6A6C9582613E91A0097A2DF /* App.app */ = {isa = PBXFileReference; explicitFileType = wrapper.application; includeInIndex = 0; path = App.app; sourceTree = BUILT_PRODUCTS_DIR; };
		B6A6C95B2613E91A0097A2DF /* AppDelegate.swift */ = {isa = PBXFileReference; lastKnownFileType = sourcecode.swift; path = AppDelegate.swift; sourceTree = "<group>"; };
		B6A6C95D2613E91A0097A2DF /* SceneDelegate.swift */ = {isa = PBXFileReference; lastKnownFileType = sourcecode.swift; path = SceneDelegate.swift; sourceTree = "<group>"; };
		B6A6C9642613E91C0097A2DF /* Assets.xcassets */ = {isa = PBXFileReference; lastKnownFileType = folder.assetcatalog; path = Assets.xcassets; sourceTree = "<group>"; };
		B6A6C9672613E91C0097A2DF /* Base */ = {isa = PBXFileReference; lastKnownFileType = file.storyboard; name = Base; path = Base.lproj/LaunchScreen.storyboard; sourceTree = "<group>"; };
		B6A6C9692613E91C0097A2DF /* Info.plist */ = {isa = PBXFileReference; lastKnownFileType = text.plist.xml; path = Info.plist; sourceTree = "<group>"; };
		B6A6C96E2613E91C0097A2DF /* AppTests.xctest */ = {isa = PBXFileReference; explicitFileType = wrapper.cfbundle; includeInIndex = 0; path = AppTests.xctest; sourceTree = BUILT_PRODUCTS_DIR; };
		B6A6C9722613E91C0097A2DF /* AppTests.swift */ = {isa = PBXFileReference; lastKnownFileType = sourcecode.swift; path = AppTests.swift; sourceTree = "<group>"; };
		B6A6C9742613E91C0097A2DF /* Info.plist */ = {isa = PBXFileReference; lastKnownFileType = text.plist.xml; path = Info.plist; sourceTree = "<group>"; };
		B6A6CAD42613F6F80097A2DF /* DI.framework */ = {isa = PBXFileReference; explicitFileType = wrapper.framework; path = DI.framework; sourceTree = BUILT_PRODUCTS_DIR; };
		B6A6CB6D2613FC0C0097A2DF /* Facts.framework */ = {isa = PBXFileReference; explicitFileType = wrapper.framework; path = Facts.framework; sourceTree = BUILT_PRODUCTS_DIR; };
		B6A6CB722613FC3F0097A2DF /* FactsTests.xctest */ = {isa = PBXFileReference; explicitFileType = wrapper.cfbundle; path = FactsTests.xctest; sourceTree = BUILT_PRODUCTS_DIR; };
		CD506D51CE4F3FF783CAF726 /* Pods-App.release.xcconfig */ = {isa = PBXFileReference; includeInIndex = 1; lastKnownFileType = text.xcconfig; name = "Pods-App.release.xcconfig"; path = "Target Support Files/Pods-App/Pods-App.release.xcconfig"; sourceTree = "<group>"; };
		D3A045DCCE5ADF172546AD1D /* Pods-App.debug.xcconfig */ = {isa = PBXFileReference; includeInIndex = 1; lastKnownFileType = text.xcconfig; name = "Pods-App.debug.xcconfig"; path = "Target Support Files/Pods-App/Pods-App.debug.xcconfig"; sourceTree = "<group>"; };
		EE1502A4E050A0202E4FDFAD /* Pods-AppTests.debug.xcconfig */ = {isa = PBXFileReference; includeInIndex = 1; lastKnownFileType = text.xcconfig; name = "Pods-AppTests.debug.xcconfig"; path = "Target Support Files/Pods-AppTests/Pods-AppTests.debug.xcconfig"; sourceTree = "<group>"; };
/* End PBXFileReference section */

/* Begin PBXFrameworksBuildPhase section */
		B6A6C9552613E91A0097A2DF /* Frameworks */ = {
			isa = PBXFrameworksBuildPhase;
			buildActionMask = 2147483647;
			files = (
				B601271326200D5800006CB7 /* Domain.framework in Frameworks */,
				B601270F26200D3B00006CB7 /* AppNavigation.framework in Frameworks */,
				B601273326201FC400006CB7 /* Networking.framework in Frameworks */,
				B6A6CAD52613F6F80097A2DF /* DI.framework in Frameworks */,
				97B997DB3CEE7F016CA8FDAE /* Pods_App.framework in Frameworks */,
				B601270B26200D0400006CB7 /* Facts.framework in Frameworks */,
			);
			runOnlyForDeploymentPostprocessing = 0;
		};
		B6A6C96B2613E91C0097A2DF /* Frameworks */ = {
			isa = PBXFrameworksBuildPhase;
			buildActionMask = 2147483647;
			files = (
				5AF8FD5606113E1F86EF33AF /* Pods_App_AppTests.framework in Frameworks */,
			);
			runOnlyForDeploymentPostprocessing = 0;
		};
/* End PBXFrameworksBuildPhase section */

/* Begin PBXGroup section */
		A2A1905E20A14ED721E139F5 /* Pods */ = {
			isa = PBXGroup;
			children = (
				D3A045DCCE5ADF172546AD1D /* Pods-App.debug.xcconfig */,
				CD506D51CE4F3FF783CAF726 /* Pods-App.release.xcconfig */,
				EE1502A4E050A0202E4FDFAD /* Pods-AppTests.debug.xcconfig */,
				80F970A8093F73D92F845D5C /* Pods-AppTests.release.xcconfig */,
				8F4845B509E4592B60751EE5 /* Pods-App-AppTests.debug.xcconfig */,
				020B6710FC0ECD60F5612678 /* Pods-App-AppTests.release.xcconfig */,
			);
			name = Pods;
			path = ../Pods;
			sourceTree = "<group>";
		};
		B6A6C94F2613E91A0097A2DF = {
			isa = PBXGroup;
			children = (
				B6A6C95A2613E91A0097A2DF /* App */,
				B6A6C9712613E91C0097A2DF /* AppTests */,
				B6A6C9592613E91A0097A2DF /* Products */,
				B6A6CAD32613F6F80097A2DF /* Frameworks */,
				A2A1905E20A14ED721E139F5 /* Pods */,
			);
			sourceTree = "<group>";
		};
		B6A6C9592613E91A0097A2DF /* Products */ = {
			isa = PBXGroup;
			children = (
				B6A6C9582613E91A0097A2DF /* App.app */,
				B6A6C96E2613E91C0097A2DF /* AppTests.xctest */,
			);
			name = Products;
			sourceTree = "<group>";
		};
		B6A6C95A2613E91A0097A2DF /* App */ = {
			isa = PBXGroup;
			children = (
				B6A6C95B2613E91A0097A2DF /* AppDelegate.swift */,
				B6A6C95D2613E91A0097A2DF /* SceneDelegate.swift */,
				B6A6C9642613E91C0097A2DF /* Assets.xcassets */,
				B6A6C9662613E91C0097A2DF /* LaunchScreen.storyboard */,
				B6A6C9692613E91C0097A2DF /* Info.plist */,
			);
			path = App;
			sourceTree = "<group>";
		};
		B6A6C9712613E91C0097A2DF /* AppTests */ = {
			isa = PBXGroup;
			children = (
				B6A6C9722613E91C0097A2DF /* AppTests.swift */,
				B6A6C9742613E91C0097A2DF /* Info.plist */,
			);
			path = AppTests;
			sourceTree = "<group>";
		};
		B6A6CAD32613F6F80097A2DF /* Frameworks */ = {
			isa = PBXGroup;
			children = (
				B601273226201FC400006CB7 /* Networking.framework */,
				B601271226200D5800006CB7 /* Domain.framework */,
				B601270E26200D3B00006CB7 /* AppNavigation.framework */,
				B63722602618DEC800295E72 /* DITests.xctest */,
				B6A6CB722613FC3F0097A2DF /* FactsTests.xctest */,
				B6A6CB6D2613FC0C0097A2DF /* Facts.framework */,
				B6A6CAD42613F6F80097A2DF /* DI.framework */,
				729B74F46128B8A2366694A5 /* Pods_App.framework */,
				70F9382E4731686E02F28970 /* Pods_App_AppTests.framework */,
			);
			name = Frameworks;
			sourceTree = "<group>";
		};
/* End PBXGroup section */

/* Begin PBXNativeTarget section */
		B6A6C9572613E91A0097A2DF /* App */ = {
			isa = PBXNativeTarget;
			buildConfigurationList = B6A6C9822613E91C0097A2DF /* Build configuration list for PBXNativeTarget "App" */;
			buildPhases = (
				DA687FBB1DA492BB9C12D551 /* [CP] Check Pods Manifest.lock */,
				B6A6CB0C2613F7A40097A2DF /* SwiftGen */,
				B6A6CB112613F7AF0097A2DF /* SwiftLint */,
				B6A6C9542613E91A0097A2DF /* Sources */,
				B6A6C9552613E91A0097A2DF /* Frameworks */,
				B6A6C9562613E91A0097A2DF /* Resources */,
				B6A6CAD72613F6F80097A2DF /* Embed Frameworks */,
				A3454C1791416A7916704128 /* [CP] Embed Pods Frameworks */,
			);
			buildRules = (
			);
			dependencies = (
			);
			name = App;
			productName = App;
			productReference = B6A6C9582613E91A0097A2DF /* App.app */;
			productType = "com.apple.product-type.application";
		};
		B6A6C96D2613E91C0097A2DF /* AppTests */ = {
			isa = PBXNativeTarget;
			buildConfigurationList = B6A6C9852613E91C0097A2DF /* Build configuration list for PBXNativeTarget "AppTests" */;
			buildPhases = (
				6A55CA3AC920FD33DC6272EF /* [CP] Check Pods Manifest.lock */,
				B6A6C96A2613E91C0097A2DF /* Sources */,
				B6A6C96B2613E91C0097A2DF /* Frameworks */,
				B6A6C96C2613E91C0097A2DF /* Resources */,
				9471A408E719B3B94510C56D /* [CP] Embed Pods Frameworks */,
			);
			buildRules = (
			);
			dependencies = (
				B6A6C9702613E91C0097A2DF /* PBXTargetDependency */,
			);
			name = AppTests;
			productName = AppTests;
			productReference = B6A6C96E2613E91C0097A2DF /* AppTests.xctest */;
			productType = "com.apple.product-type.bundle.unit-test";
		};
/* End PBXNativeTarget section */

/* Begin PBXProject section */
		B6A6C9502613E91A0097A2DF /* Project object */ = {
			isa = PBXProject;
			attributes = {
				LastSwiftUpdateCheck = 1240;
				LastUpgradeCheck = 1240;
				TargetAttributes = {
					B6A6C9572613E91A0097A2DF = {
						CreatedOnToolsVersion = 12.4;
					};
					B6A6C96D2613E91C0097A2DF = {
						CreatedOnToolsVersion = 12.4;
						TestTargetID = B6A6C9572613E91A0097A2DF;
					};
				};
			};
			buildConfigurationList = B6A6C9532613E91A0097A2DF /* Build configuration list for PBXProject "App" */;
			compatibilityVersion = "Xcode 9.3";
			developmentRegion = en;
			hasScannedForEncodings = 0;
			knownRegions = (
				en,
				Base,
			);
			mainGroup = B6A6C94F2613E91A0097A2DF;
			productRefGroup = B6A6C9592613E91A0097A2DF /* Products */;
			projectDirPath = "";
			projectRoot = "";
			targets = (
				B6A6C9572613E91A0097A2DF /* App */,
				B6A6C96D2613E91C0097A2DF /* AppTests */,
			);
		};
/* End PBXProject section */

/* Begin PBXResourcesBuildPhase section */
		B6A6C9562613E91A0097A2DF /* Resources */ = {
			isa = PBXResourcesBuildPhase;
			buildActionMask = 2147483647;
			files = (
				B6A6C9682613E91C0097A2DF /* LaunchScreen.storyboard in Resources */,
				B6A6C9652613E91C0097A2DF /* Assets.xcassets in Resources */,
			);
			runOnlyForDeploymentPostprocessing = 0;
		};
		B6A6C96C2613E91C0097A2DF /* Resources */ = {
			isa = PBXResourcesBuildPhase;
			buildActionMask = 2147483647;
			files = (
			);
			runOnlyForDeploymentPostprocessing = 0;
		};
/* End PBXResourcesBuildPhase section */

/* Begin PBXShellScriptBuildPhase section */
		6A55CA3AC920FD33DC6272EF /* [CP] Check Pods Manifest.lock */ = {
			isa = PBXShellScriptBuildPhase;
			buildActionMask = 2147483647;
			files = (
			);
			inputFileListPaths = (
			);
			inputPaths = (
				"${PODS_PODFILE_DIR_PATH}/Podfile.lock",
				"${PODS_ROOT}/Manifest.lock",
			);
			name = "[CP] Check Pods Manifest.lock";
			outputFileListPaths = (
			);
			outputPaths = (
				"$(DERIVED_FILE_DIR)/Pods-App-AppTests-checkManifestLockResult.txt",
			);
			runOnlyForDeploymentPostprocessing = 0;
			shellPath = /bin/sh;
			shellScript = "diff \"${PODS_PODFILE_DIR_PATH}/Podfile.lock\" \"${PODS_ROOT}/Manifest.lock\" > /dev/null\nif [ $? != 0 ] ; then\n    # print error to STDERR\n    echo \"error: The sandbox is not in sync with the Podfile.lock. Run 'pod install' or update your CocoaPods installation.\" >&2\n    exit 1\nfi\n# This output is used by Xcode 'outputs' to avoid re-running this script phase.\necho \"SUCCESS\" > \"${SCRIPT_OUTPUT_FILE_0}\"\n";
			showEnvVarsInLog = 0;
		};
		9471A408E719B3B94510C56D /* [CP] Embed Pods Frameworks */ = {
			isa = PBXShellScriptBuildPhase;
			buildActionMask = 2147483647;
			files = (
			);
			inputFileListPaths = (
				"${PODS_ROOT}/Target Support Files/Pods-App-AppTests/Pods-App-AppTests-frameworks-${CONFIGURATION}-input-files.xcfilelist",
			);
			name = "[CP] Embed Pods Frameworks";
			outputFileListPaths = (
				"${PODS_ROOT}/Target Support Files/Pods-App-AppTests/Pods-App-AppTests-frameworks-${CONFIGURATION}-output-files.xcfilelist",
			);
			runOnlyForDeploymentPostprocessing = 0;
			shellPath = /bin/sh;
			shellScript = "\"${PODS_ROOT}/Target Support Files/Pods-App-AppTests/Pods-App-AppTests-frameworks.sh\"\n";
			showEnvVarsInLog = 0;
		};
		A3454C1791416A7916704128 /* [CP] Embed Pods Frameworks */ = {
			isa = PBXShellScriptBuildPhase;
			buildActionMask = 2147483647;
			files = (
			);
			inputFileListPaths = (
				"${PODS_ROOT}/Target Support Files/Pods-App/Pods-App-frameworks-${CONFIGURATION}-input-files.xcfilelist",
			);
			name = "[CP] Embed Pods Frameworks";
			outputFileListPaths = (
				"${PODS_ROOT}/Target Support Files/Pods-App/Pods-App-frameworks-${CONFIGURATION}-output-files.xcfilelist",
			);
			runOnlyForDeploymentPostprocessing = 0;
			shellPath = /bin/sh;
			shellScript = "\"${PODS_ROOT}/Target Support Files/Pods-App/Pods-App-frameworks.sh\"\n";
			showEnvVarsInLog = 0;
		};
		B6A6CB0C2613F7A40097A2DF /* SwiftGen */ = {
			isa = PBXShellScriptBuildPhase;
			buildActionMask = 2147483647;
			files = (
			);
			inputFileListPaths = (
			);
			inputPaths = (
			);
			name = SwiftGen;
			outputFileListPaths = (
			);
			outputPaths = (
			);
			runOnlyForDeploymentPostprocessing = 0;
			shellPath = /bin/sh;
			shellScript = "if which swiftgen >/dev/null; then\n  cd ..\n  swiftgen\nelse\n  echo \"warning: SwiftGen not installed, download it from https://github.com/SwiftGen/SwiftGen\"\nfi\n";
		};
		B6A6CB112613F7AF0097A2DF /* SwiftLint */ = {
			isa = PBXShellScriptBuildPhase;
			buildActionMask = 2147483647;
			files = (
			);
			inputFileListPaths = (
			);
			inputPaths = (
			);
			name = SwiftLint;
			outputFileListPaths = (
			);
			outputPaths = (
			);
			runOnlyForDeploymentPostprocessing = 0;
			shellPath = /bin/sh;
			shellScript = "if which swiftlint >/dev/null; then\n  cd ..\n  swiftlint\nelse\n  echo \"warning: SwiftLint not installed, download from https://github.com/realm/SwiftLint\"\nfi\n";
		};
		DA687FBB1DA492BB9C12D551 /* [CP] Check Pods Manifest.lock */ = {
			isa = PBXShellScriptBuildPhase;
			buildActionMask = 2147483647;
			files = (
			);
			inputFileListPaths = (
			);
			inputPaths = (
				"${PODS_PODFILE_DIR_PATH}/Podfile.lock",
				"${PODS_ROOT}/Manifest.lock",
			);
			name = "[CP] Check Pods Manifest.lock";
			outputFileListPaths = (
			);
			outputPaths = (
				"$(DERIVED_FILE_DIR)/Pods-App-checkManifestLockResult.txt",
			);
			runOnlyForDeploymentPostprocessing = 0;
			shellPath = /bin/sh;
			shellScript = "diff \"${PODS_PODFILE_DIR_PATH}/Podfile.lock\" \"${PODS_ROOT}/Manifest.lock\" > /dev/null\nif [ $? != 0 ] ; then\n    # print error to STDERR\n    echo \"error: The sandbox is not in sync with the Podfile.lock. Run 'pod install' or update your CocoaPods installation.\" >&2\n    exit 1\nfi\n# This output is used by Xcode 'outputs' to avoid re-running this script phase.\necho \"SUCCESS\" > \"${SCRIPT_OUTPUT_FILE_0}\"\n";
			showEnvVarsInLog = 0;
		};
/* End PBXShellScriptBuildPhase section */

/* Begin PBXSourcesBuildPhase section */
		B6A6C9542613E91A0097A2DF /* Sources */ = {
			isa = PBXSourcesBuildPhase;
			buildActionMask = 2147483647;
			files = (
				B6A6C95C2613E91A0097A2DF /* AppDelegate.swift in Sources */,
				B6A6C95E2613E91A0097A2DF /* SceneDelegate.swift in Sources */,
			);
			runOnlyForDeploymentPostprocessing = 0;
		};
		B6A6C96A2613E91C0097A2DF /* Sources */ = {
			isa = PBXSourcesBuildPhase;
			buildActionMask = 2147483647;
			files = (
				B6A6C9732613E91C0097A2DF /* AppTests.swift in Sources */,
			);
			runOnlyForDeploymentPostprocessing = 0;
		};
/* End PBXSourcesBuildPhase section */

/* Begin PBXTargetDependency section */
		B6A6C9702613E91C0097A2DF /* PBXTargetDependency */ = {
			isa = PBXTargetDependency;
			target = B6A6C9572613E91A0097A2DF /* App */;
			targetProxy = B6A6C96F2613E91C0097A2DF /* PBXContainerItemProxy */;
		};
/* End PBXTargetDependency section */

/* Begin PBXVariantGroup section */
		B6A6C9662613E91C0097A2DF /* LaunchScreen.storyboard */ = {
			isa = PBXVariantGroup;
			children = (
				B6A6C9672613E91C0097A2DF /* Base */,
			);
			name = LaunchScreen.storyboard;
			sourceTree = "<group>";
		};
/* End PBXVariantGroup section */

/* Begin XCBuildConfiguration section */
		B6A6C9802613E91C0097A2DF /* Debug */ = {
			isa = XCBuildConfiguration;
			buildSettings = {
				ALWAYS_SEARCH_USER_PATHS = NO;
				CLANG_ANALYZER_NONNULL = YES;
				CLANG_ANALYZER_NUMBER_OBJECT_CONVERSION = YES_AGGRESSIVE;
				CLANG_CXX_LANGUAGE_STANDARD = "gnu++14";
				CLANG_CXX_LIBRARY = "libc++";
				CLANG_ENABLE_MODULES = YES;
				CLANG_ENABLE_OBJC_ARC = YES;
				CLANG_ENABLE_OBJC_WEAK = YES;
				CLANG_WARN_BLOCK_CAPTURE_AUTORELEASING = YES;
				CLANG_WARN_BOOL_CONVERSION = YES;
				CLANG_WARN_COMMA = YES;
				CLANG_WARN_CONSTANT_CONVERSION = YES;
				CLANG_WARN_DEPRECATED_OBJC_IMPLEMENTATIONS = YES;
				CLANG_WARN_DIRECT_OBJC_ISA_USAGE = YES_ERROR;
				CLANG_WARN_DOCUMENTATION_COMMENTS = YES;
				CLANG_WARN_EMPTY_BODY = YES;
				CLANG_WARN_ENUM_CONVERSION = YES;
				CLANG_WARN_INFINITE_RECURSION = YES;
				CLANG_WARN_INT_CONVERSION = YES;
				CLANG_WARN_NON_LITERAL_NULL_CONVERSION = YES;
				CLANG_WARN_OBJC_IMPLICIT_RETAIN_SELF = YES;
				CLANG_WARN_OBJC_LITERAL_CONVERSION = YES;
				CLANG_WARN_OBJC_ROOT_CLASS = YES_ERROR;
				CLANG_WARN_QUOTED_INCLUDE_IN_FRAMEWORK_HEADER = YES;
				CLANG_WARN_RANGE_LOOP_ANALYSIS = YES;
				CLANG_WARN_STRICT_PROTOTYPES = YES;
				CLANG_WARN_SUSPICIOUS_MOVE = YES;
				CLANG_WARN_UNGUARDED_AVAILABILITY = YES_AGGRESSIVE;
				CLANG_WARN_UNREACHABLE_CODE = YES;
				CLANG_WARN__DUPLICATE_METHOD_MATCH = YES;
				COPY_PHASE_STRIP = NO;
				DEBUG_INFORMATION_FORMAT = dwarf;
				ENABLE_STRICT_OBJC_MSGSEND = YES;
				ENABLE_TESTABILITY = YES;
				GCC_C_LANGUAGE_STANDARD = gnu11;
				GCC_DYNAMIC_NO_PIC = NO;
				GCC_NO_COMMON_BLOCKS = YES;
				GCC_OPTIMIZATION_LEVEL = 0;
				GCC_PREPROCESSOR_DEFINITIONS = (
					"DEBUG=1",
					"$(inherited)",
				);
				GCC_WARN_64_TO_32_BIT_CONVERSION = YES;
				GCC_WARN_ABOUT_RETURN_TYPE = YES_ERROR;
				GCC_WARN_UNDECLARED_SELECTOR = YES;
				GCC_WARN_UNINITIALIZED_AUTOS = YES_AGGRESSIVE;
				GCC_WARN_UNUSED_FUNCTION = YES;
				GCC_WARN_UNUSED_VARIABLE = YES;
				IPHONEOS_DEPLOYMENT_TARGET = 14.4;
				MTL_ENABLE_DEBUG_INFO = INCLUDE_SOURCE;
				MTL_FAST_MATH = YES;
				ONLY_ACTIVE_ARCH = YES;
				SDKROOT = iphoneos;
				SWIFT_ACTIVE_COMPILATION_CONDITIONS = DEBUG;
				SWIFT_OPTIMIZATION_LEVEL = "-Onone";
			};
			name = Debug;
		};
		B6A6C9812613E91C0097A2DF /* Release */ = {
			isa = XCBuildConfiguration;
			buildSettings = {
				ALWAYS_SEARCH_USER_PATHS = NO;
				CLANG_ANALYZER_NONNULL = YES;
				CLANG_ANALYZER_NUMBER_OBJECT_CONVERSION = YES_AGGRESSIVE;
				CLANG_CXX_LANGUAGE_STANDARD = "gnu++14";
				CLANG_CXX_LIBRARY = "libc++";
				CLANG_ENABLE_MODULES = YES;
				CLANG_ENABLE_OBJC_ARC = YES;
				CLANG_ENABLE_OBJC_WEAK = YES;
				CLANG_WARN_BLOCK_CAPTURE_AUTORELEASING = YES;
				CLANG_WARN_BOOL_CONVERSION = YES;
				CLANG_WARN_COMMA = YES;
				CLANG_WARN_CONSTANT_CONVERSION = YES;
				CLANG_WARN_DEPRECATED_OBJC_IMPLEMENTATIONS = YES;
				CLANG_WARN_DIRECT_OBJC_ISA_USAGE = YES_ERROR;
				CLANG_WARN_DOCUMENTATION_COMMENTS = YES;
				CLANG_WARN_EMPTY_BODY = YES;
				CLANG_WARN_ENUM_CONVERSION = YES;
				CLANG_WARN_INFINITE_RECURSION = YES;
				CLANG_WARN_INT_CONVERSION = YES;
				CLANG_WARN_NON_LITERAL_NULL_CONVERSION = YES;
				CLANG_WARN_OBJC_IMPLICIT_RETAIN_SELF = YES;
				CLANG_WARN_OBJC_LITERAL_CONVERSION = YES;
				CLANG_WARN_OBJC_ROOT_CLASS = YES_ERROR;
				CLANG_WARN_QUOTED_INCLUDE_IN_FRAMEWORK_HEADER = YES;
				CLANG_WARN_RANGE_LOOP_ANALYSIS = YES;
				CLANG_WARN_STRICT_PROTOTYPES = YES;
				CLANG_WARN_SUSPICIOUS_MOVE = YES;
				CLANG_WARN_UNGUARDED_AVAILABILITY = YES_AGGRESSIVE;
				CLANG_WARN_UNREACHABLE_CODE = YES;
				CLANG_WARN__DUPLICATE_METHOD_MATCH = YES;
				COPY_PHASE_STRIP = NO;
				DEBUG_INFORMATION_FORMAT = "dwarf-with-dsym";
				ENABLE_NS_ASSERTIONS = NO;
				ENABLE_STRICT_OBJC_MSGSEND = YES;
				GCC_C_LANGUAGE_STANDARD = gnu11;
				GCC_NO_COMMON_BLOCKS = YES;
				GCC_WARN_64_TO_32_BIT_CONVERSION = YES;
				GCC_WARN_ABOUT_RETURN_TYPE = YES_ERROR;
				GCC_WARN_UNDECLARED_SELECTOR = YES;
				GCC_WARN_UNINITIALIZED_AUTOS = YES_AGGRESSIVE;
				GCC_WARN_UNUSED_FUNCTION = YES;
				GCC_WARN_UNUSED_VARIABLE = YES;
				IPHONEOS_DEPLOYMENT_TARGET = 14.4;
				MTL_ENABLE_DEBUG_INFO = NO;
				MTL_FAST_MATH = YES;
				SDKROOT = iphoneos;
				SWIFT_COMPILATION_MODE = wholemodule;
				SWIFT_OPTIMIZATION_LEVEL = "-O";
				VALIDATE_PRODUCT = YES;
			};
			name = Release;
		};
		B6A6C9832613E91C0097A2DF /* Debug */ = {
			isa = XCBuildConfiguration;
			baseConfigurationReference = D3A045DCCE5ADF172546AD1D /* Pods-App.debug.xcconfig */;
			buildSettings = {
				ASSETCATALOG_COMPILER_APPICON_NAME = AppIcon;
				ASSETCATALOG_COMPILER_GLOBAL_ACCENT_COLOR_NAME = AccentColor;
				CODE_SIGN_IDENTITY = "Apple Development";
				CODE_SIGN_STYLE = Automatic;
				DEVELOPMENT_TEAM = W784K89ZH2;
				INFOPLIST_FILE = App/Info.plist;
				LD_RUNPATH_SEARCH_PATHS = (
					"$(inherited)",
					"@executable_path/Frameworks",
				);
				PRODUCT_BUNDLE_IDENTIFIER = Fred.App;
				PRODUCT_NAME = "$(TARGET_NAME)";
				PROVISIONING_PROFILE_SPECIFIER = "";
				SWIFT_VERSION = 5.0;
				TARGETED_DEVICE_FAMILY = "1,2";
			};
			name = Debug;
		};
		B6A6C9842613E91C0097A2DF /* Release */ = {
			isa = XCBuildConfiguration;
			baseConfigurationReference = CD506D51CE4F3FF783CAF726 /* Pods-App.release.xcconfig */;
			buildSettings = {
				ASSETCATALOG_COMPILER_APPICON_NAME = AppIcon;
				ASSETCATALOG_COMPILER_GLOBAL_ACCENT_COLOR_NAME = AccentColor;
				CODE_SIGN_IDENTITY = "Apple Development";
				CODE_SIGN_STYLE = Automatic;
				DEVELOPMENT_TEAM = W784K89ZH2;
				INFOPLIST_FILE = App/Info.plist;
				LD_RUNPATH_SEARCH_PATHS = (
					"$(inherited)",
					"@executable_path/Frameworks",
				);
				PRODUCT_BUNDLE_IDENTIFIER = Fred.App;
				PRODUCT_NAME = "$(TARGET_NAME)";
				PROVISIONING_PROFILE_SPECIFIER = "";
				SWIFT_VERSION = 5.0;
				TARGETED_DEVICE_FAMILY = "1,2";
			};
			name = Release;
		};
		B6A6C9862613E91C0097A2DF /* Debug */ = {
			isa = XCBuildConfiguration;
			baseConfigurationReference = 8F4845B509E4592B60751EE5 /* Pods-App-AppTests.debug.xcconfig */;
			buildSettings = {
				ALWAYS_EMBED_SWIFT_STANDARD_LIBRARIES = YES;
				BUNDLE_LOADER = "$(TEST_HOST)";
				CODE_SIGN_STYLE = Automatic;
				DEVELOPMENT_TEAM = W784K89ZH2;
				INFOPLIST_FILE = AppTests/Info.plist;
				IPHONEOS_DEPLOYMENT_TARGET = 14.4;
				LD_RUNPATH_SEARCH_PATHS = (
					"$(inherited)",
					"@executable_path/Frameworks",
					"@loader_path/Frameworks",
				);
				PRODUCT_BUNDLE_IDENTIFIER = Fred.AppTests;
				PRODUCT_NAME = "$(TARGET_NAME)";
				SWIFT_VERSION = 5.0;
				TARGETED_DEVICE_FAMILY = "1,2";
				TEST_HOST = "$(BUILT_PRODUCTS_DIR)/App.app/App";
			};
			name = Debug;
		};
		B6A6C9872613E91C0097A2DF /* Release */ = {
			isa = XCBuildConfiguration;
			baseConfigurationReference = 020B6710FC0ECD60F5612678 /* Pods-App-AppTests.release.xcconfig */;
			buildSettings = {
				ALWAYS_EMBED_SWIFT_STANDARD_LIBRARIES = YES;
				BUNDLE_LOADER = "$(TEST_HOST)";
				CODE_SIGN_STYLE = Automatic;
				DEVELOPMENT_TEAM = W784K89ZH2;
				INFOPLIST_FILE = AppTests/Info.plist;
				IPHONEOS_DEPLOYMENT_TARGET = 14.4;
				LD_RUNPATH_SEARCH_PATHS = (
					"$(inherited)",
					"@executable_path/Frameworks",
					"@loader_path/Frameworks",
				);
				PRODUCT_BUNDLE_IDENTIFIER = Fred.AppTests;
				PRODUCT_NAME = "$(TARGET_NAME)";
				SWIFT_VERSION = 5.0;
				TARGETED_DEVICE_FAMILY = "1,2";
				TEST_HOST = "$(BUILT_PRODUCTS_DIR)/App.app/App";
			};
			name = Release;
		};
/* End XCBuildConfiguration section */

/* Begin XCConfigurationList section */
		B6A6C9532613E91A0097A2DF /* Build configuration list for PBXProject "App" */ = {
			isa = XCConfigurationList;
			buildConfigurations = (
				B6A6C9802613E91C0097A2DF /* Debug */,
				B6A6C9812613E91C0097A2DF /* Release */,
			);
			defaultConfigurationIsVisible = 0;
			defaultConfigurationName = Release;
		};
		B6A6C9822613E91C0097A2DF /* Build configuration list for PBXNativeTarget "App" */ = {
			isa = XCConfigurationList;
			buildConfigurations = (
				B6A6C9832613E91C0097A2DF /* Debug */,
				B6A6C9842613E91C0097A2DF /* Release */,
			);
			defaultConfigurationIsVisible = 0;
			defaultConfigurationName = Release;
		};
		B6A6C9852613E91C0097A2DF /* Build configuration list for PBXNativeTarget "AppTests" */ = {
			isa = XCConfigurationList;
			buildConfigurations = (
				B6A6C9862613E91C0097A2DF /* Debug */,
				B6A6C9872613E91C0097A2DF /* Release */,
			);
			defaultConfigurationIsVisible = 0;
			defaultConfigurationName = Release;
		};
/* End XCConfigurationList section */
	};
	rootObject = B6A6C9502613E91A0097A2DF /* Project object */;
}
