// !$*UTF8*$!
{
	archiveVersion = 1;
	classes = {
	};
	objectVersion = 51;
	objects = {

/* Begin PBXBuildFile section */
		63E0220ABA4CADA34F283990 /* Pods_Facts.framework in Frameworks */ = {isa = PBXBuildFile; fileRef = 16D8DE31B31EF01AF503C545 /* Pods_Facts.framework */; };
		B618C21B261A6D82000EAD71 /* FactsCoordinatorMock.swift in Sources */ = {isa = PBXBuildFile; fileRef = B618C21A261A6D82000EAD71 /* FactsCoordinatorMock.swift */; };
		B6268AD9261E859B000BD908 /* FactsListViewControllerTests.swift in Sources */ = {isa = PBXBuildFile; fileRef = B6268AD8261E859B000BD908 /* FactsListViewControllerTests.swift */; };
		B6656F3D2621A7A8008EE8A7 /* XCUIElement.swift in Sources */ = {isa = PBXBuildFile; fileRef = B6656F3C2621A7A8008EE8A7 /* XCUIElement.swift */; };
		B6A6CA342613EF9D0097A2DF /* Facts.h in Headers */ = {isa = PBXBuildFile; fileRef = B6A6CA262613EF9D0097A2DF /* Facts.h */; settings = {ATTRIBUTES = (Public, ); }; };
		B6A6CA412613EFBE0097A2DF /* SearchFactsCoordinator.swift in Sources */ = {isa = PBXBuildFile; fileRef = B6A6CA402613EFBE0097A2DF /* SearchFactsCoordinator.swift */; };
		B6A6CA492613F4130097A2DF /* FactViewModel.swift in Sources */ = {isa = PBXBuildFile; fileRef = B6A6CA482613F4130097A2DF /* FactViewModel.swift */; };
		B6A6CA4F2613F41D0097A2DF /* FactListCell.swift in Sources */ = {isa = PBXBuildFile; fileRef = B6A6CA4E2613F41D0097A2DF /* FactListCell.swift */; };
		B6A6CA532613F4270097A2DF /* FactsListViewController.swift in Sources */ = {isa = PBXBuildFile; fileRef = B6A6CA522613F4270097A2DF /* FactsListViewController.swift */; };
		B6A6CA572613F4300097A2DF /* FactsListManufacturing.swift in Sources */ = {isa = PBXBuildFile; fileRef = B6A6CA562613F4300097A2DF /* FactsListManufacturing.swift */; };
		B6A6CA5B2613F4380097A2DF /* FactsListViewModel.swift in Sources */ = {isa = PBXBuildFile; fileRef = B6A6CA5A2613F4380097A2DF /* FactsListViewModel.swift */; };
		B6A6CA5F2613F4820097A2DF /* SearchFactsView.swift in Sources */ = {isa = PBXBuildFile; fileRef = B6A6CA5E2613F4820097A2DF /* SearchFactsView.swift */; };
		B6A6CA632613F4880097A2DF /* SearchFactsViewController.swift in Sources */ = {isa = PBXBuildFile; fileRef = B6A6CA622613F4880097A2DF /* SearchFactsViewController.swift */; };
		B6A6CA672613F4900097A2DF /* SearchFactsViewModel.swift in Sources */ = {isa = PBXBuildFile; fileRef = B6A6CA662613F4900097A2DF /* SearchFactsViewModel.swift */; };
		B6A6CA6B2613F4970097A2DF /* SearchFactsManufacturing.swift in Sources */ = {isa = PBXBuildFile; fileRef = B6A6CA6A2613F4970097A2DF /* SearchFactsManufacturing.swift */; };
		B6A6CA712613F4F90097A2DF /* UIView.swift in Sources */ = {isa = PBXBuildFile; fileRef = B6A6CA702613F4F90097A2DF /* UIView.swift */; };
		B6A6CA772613F5180097A2DF /* Localizable.strings in Resources */ = {isa = PBXBuildFile; fileRef = B6A6CA762613F5180097A2DF /* Localizable.strings */; };
		B6A6CB172613F8730097A2DF /* SwiftGenStrings.swift in Sources */ = {isa = PBXBuildFile; fileRef = B6A6CB162613F8730097A2DF /* SwiftGenStrings.swift */; };
		B6A6CB1A2613F8D50097A2DF /* FactListCellTests.swift in Sources */ = {isa = PBXBuildFile; fileRef = B6A6CB192613F8D50097A2DF /* FactListCellTests.swift */; };
		B6A6CB4B2613FA5C0097A2DF /* Domain.framework in Frameworks */ = {isa = PBXBuildFile; fileRef = B6A6CAEB2613F7310097A2DF /* Domain.framework */; };
		B6A6CB98261401AB0097A2DF /* Facts.framework in Frameworks */ = {isa = PBXBuildFile; fileRef = B6A6CA232613EF9D0097A2DF /* Facts.framework */; };
		B6B932AD26242633001B333F /* searchFactsResponse1.json in Resources */ = {isa = PBXBuildFile; fileRef = B6B932A926242633001B333F /* searchFactsResponse1.json */; };
		B6B932AE26242634001B333F /* searchFactsResponse2.json in Resources */ = {isa = PBXBuildFile; fileRef = B6B932AA26242633001B333F /* searchFactsResponse2.json */; };
		B6B932AF26242634001B333F /* searchFactsResponse3.json in Resources */ = {isa = PBXBuildFile; fileRef = B6B932AB26242633001B333F /* searchFactsResponse3.json */; };
		B6B932B026242634001B333F /* searchFactsResponseError.json in Resources */ = {isa = PBXBuildFile; fileRef = B6B932AC26242633001B333F /* searchFactsResponseError.json */; };
		B6B932C52624365F001B333F /* XCTestCase.swift in Sources */ = {isa = PBXBuildFile; fileRef = B6B932C42624365F001B333F /* XCTestCase.swift */; };
		B6C8004926218831004F26AE /* FactsListElements.swift in Sources */ = {isa = PBXBuildFile; fileRef = B6C8004826218831004F26AE /* FactsListElements.swift */; };
		B6C8004F26218921004F26AE /* SearchFactsElements.swift in Sources */ = {isa = PBXBuildFile; fileRef = B6C8004E26218921004F26AE /* SearchFactsElements.swift */; };
		B6C800572621894F004F26AE /* SearchFactsUITests.swift in Sources */ = {isa = PBXBuildFile; fileRef = B6C800562621894F004F26AE /* SearchFactsUITests.swift */; };
		B6C800B52621A033004F26AE /* XCUIApplication.swift in Sources */ = {isa = PBXBuildFile; fileRef = B6C800B42621A033004F26AE /* XCUIApplication.swift */; };
		B6E333FB2617F01A0058C0B8 /* FactsListViewModelTests.swift in Sources */ = {isa = PBXBuildFile; fileRef = B6E333FA2617F01A0058C0B8 /* FactsListViewModelTests.swift */; };
		B6E334552618489E0058C0B8 /* FactsInteractorMock.swift in Sources */ = {isa = PBXBuildFile; fileRef = B6E334542618489E0058C0B8 /* FactsInteractorMock.swift */; };
		B6E573A3262160C100A42DD4 /* SearchFactsViewControllerTests.swift in Sources */ = {isa = PBXBuildFile; fileRef = B6E573A2262160C100A42DD4 /* SearchFactsViewControllerTests.swift */; };
		B6E573A726216EA700A42DD4 /* SearchFactsViewModelTests.swift in Sources */ = {isa = PBXBuildFile; fileRef = B6E573A626216EA700A42DD4 /* SearchFactsViewModelTests.swift */; };
		B6E573B026217AEC00A42DD4 /* FactsListUITests.swift in Sources */ = {isa = PBXBuildFile; fileRef = B6E573AF26217AEC00A42DD4 /* FactsListUITests.swift */; };
		B6F9BF69262BE1CE00C83BD3 /* SearchFactsSceneResult.swift in Sources */ = {isa = PBXBuildFile; fileRef = B6F9BF68262BE1CE00C83BD3 /* SearchFactsSceneResult.swift */; };
		D8ED53E7C426AA66E796C3E3 /* Pods_Facts_FactsTests.framework in Frameworks */ = {isa = PBXBuildFile; fileRef = EE0F4FAD44C3BA4AEAB93248 /* Pods_Facts_FactsTests.framework */; };
/* End PBXBuildFile section */

/* Begin PBXContainerItemProxy section */
		B6A6CA2E2613EF9D0097A2DF /* PBXContainerItemProxy */ = {
			isa = PBXContainerItemProxy;
			containerPortal = B6A6CA1A2613EF9D0097A2DF /* Project object */;
			proxyType = 1;
			remoteGlobalIDString = B6A6CA222613EF9D0097A2DF;
			remoteInfo = Facts;
		};
/* End PBXContainerItemProxy section */

/* Begin PBXFileReference section */
		16D8DE31B31EF01AF503C545 /* Pods_Facts.framework */ = {isa = PBXFileReference; explicitFileType = wrapper.framework; includeInIndex = 0; path = Pods_Facts.framework; sourceTree = BUILT_PRODUCTS_DIR; };
		394760A0E962148C801669F7 /* Pods-Facts-FactsTests.debug.xcconfig */ = {isa = PBXFileReference; includeInIndex = 1; lastKnownFileType = text.xcconfig; name = "Pods-Facts-FactsTests.debug.xcconfig"; path = "Target Support Files/Pods-Facts-FactsTests/Pods-Facts-FactsTests.debug.xcconfig"; sourceTree = "<group>"; };
		5BCA5290FFD95EF8C9FA0713 /* Pods-Facts.release.xcconfig */ = {isa = PBXFileReference; includeInIndex = 1; lastKnownFileType = text.xcconfig; name = "Pods-Facts.release.xcconfig"; path = "Target Support Files/Pods-Facts/Pods-Facts.release.xcconfig"; sourceTree = "<group>"; };
		A24AA85D8DE0AB5BC3458368 /* Pods-App-Facts.release.xcconfig */ = {isa = PBXFileReference; includeInIndex = 1; lastKnownFileType = text.xcconfig; name = "Pods-App-Facts.release.xcconfig"; path = "Target Support Files/Pods-App-Facts/Pods-App-Facts.release.xcconfig"; sourceTree = "<group>"; };
		A7DFBFEC20EFFD6D9EF6486A /* Pods-Facts.debug.xcconfig */ = {isa = PBXFileReference; includeInIndex = 1; lastKnownFileType = text.xcconfig; name = "Pods-Facts.debug.xcconfig"; path = "Target Support Files/Pods-Facts/Pods-Facts.debug.xcconfig"; sourceTree = "<group>"; };
		B618C21A261A6D82000EAD71 /* FactsCoordinatorMock.swift */ = {isa = PBXFileReference; lastKnownFileType = sourcecode.swift; path = FactsCoordinatorMock.swift; sourceTree = "<group>"; };
		B6268AD8261E859B000BD908 /* FactsListViewControllerTests.swift */ = {isa = PBXFileReference; lastKnownFileType = sourcecode.swift; path = FactsListViewControllerTests.swift; sourceTree = "<group>"; };
		B6656F3C2621A7A8008EE8A7 /* XCUIElement.swift */ = {isa = PBXFileReference; lastKnownFileType = sourcecode.swift; path = XCUIElement.swift; sourceTree = "<group>"; };
		B6A6CA232613EF9D0097A2DF /* Facts.framework */ = {isa = PBXFileReference; explicitFileType = wrapper.framework; includeInIndex = 0; path = Facts.framework; sourceTree = BUILT_PRODUCTS_DIR; };
		B6A6CA262613EF9D0097A2DF /* Facts.h */ = {isa = PBXFileReference; lastKnownFileType = sourcecode.c.h; path = Facts.h; sourceTree = "<group>"; };
		B6A6CA272613EF9D0097A2DF /* Info.plist */ = {isa = PBXFileReference; lastKnownFileType = text.plist.xml; path = Info.plist; sourceTree = "<group>"; };
		B6A6CA2C2613EF9D0097A2DF /* FactsTests.xctest */ = {isa = PBXFileReference; explicitFileType = wrapper.cfbundle; includeInIndex = 0; path = FactsTests.xctest; sourceTree = BUILT_PRODUCTS_DIR; };
		B6A6CA332613EF9D0097A2DF /* Info.plist */ = {isa = PBXFileReference; lastKnownFileType = text.plist.xml; path = Info.plist; sourceTree = "<group>"; };
		B6A6CA402613EFBE0097A2DF /* SearchFactsCoordinator.swift */ = {isa = PBXFileReference; lastKnownFileType = sourcecode.swift; path = SearchFactsCoordinator.swift; sourceTree = "<group>"; };
		B6A6CA482613F4130097A2DF /* FactViewModel.swift */ = {isa = PBXFileReference; lastKnownFileType = sourcecode.swift; path = FactViewModel.swift; sourceTree = "<group>"; };
		B6A6CA4E2613F41D0097A2DF /* FactListCell.swift */ = {isa = PBXFileReference; lastKnownFileType = sourcecode.swift; path = FactListCell.swift; sourceTree = "<group>"; };
		B6A6CA522613F4270097A2DF /* FactsListViewController.swift */ = {isa = PBXFileReference; lastKnownFileType = sourcecode.swift; path = FactsListViewController.swift; sourceTree = "<group>"; };
		B6A6CA562613F4300097A2DF /* FactsListManufacturing.swift */ = {isa = PBXFileReference; lastKnownFileType = sourcecode.swift; path = FactsListManufacturing.swift; sourceTree = "<group>"; };
		B6A6CA5A2613F4380097A2DF /* FactsListViewModel.swift */ = {isa = PBXFileReference; lastKnownFileType = sourcecode.swift; path = FactsListViewModel.swift; sourceTree = "<group>"; };
		B6A6CA5E2613F4820097A2DF /* SearchFactsView.swift */ = {isa = PBXFileReference; lastKnownFileType = sourcecode.swift; path = SearchFactsView.swift; sourceTree = "<group>"; };
		B6A6CA622613F4880097A2DF /* SearchFactsViewController.swift */ = {isa = PBXFileReference; lastKnownFileType = sourcecode.swift; path = SearchFactsViewController.swift; sourceTree = "<group>"; };
		B6A6CA662613F4900097A2DF /* SearchFactsViewModel.swift */ = {isa = PBXFileReference; lastKnownFileType = sourcecode.swift; path = SearchFactsViewModel.swift; sourceTree = "<group>"; };
		B6A6CA6A2613F4970097A2DF /* SearchFactsManufacturing.swift */ = {isa = PBXFileReference; lastKnownFileType = sourcecode.swift; path = SearchFactsManufacturing.swift; sourceTree = "<group>"; };
		B6A6CA702613F4F90097A2DF /* UIView.swift */ = {isa = PBXFileReference; lastKnownFileType = sourcecode.swift; path = UIView.swift; sourceTree = "<group>"; };
		B6A6CA762613F5180097A2DF /* Localizable.strings */ = {isa = PBXFileReference; lastKnownFileType = text.plist.strings; path = Localizable.strings; sourceTree = "<group>"; };
		B6A6CAEB2613F7310097A2DF /* Domain.framework */ = {isa = PBXFileReference; explicitFileType = wrapper.framework; path = Domain.framework; sourceTree = BUILT_PRODUCTS_DIR; };
		B6A6CB162613F8730097A2DF /* SwiftGenStrings.swift */ = {isa = PBXFileReference; lastKnownFileType = sourcecode.swift; path = SwiftGenStrings.swift; sourceTree = "<group>"; };
		B6A6CB192613F8D50097A2DF /* FactListCellTests.swift */ = {isa = PBXFileReference; lastKnownFileType = sourcecode.swift; path = FactListCellTests.swift; sourceTree = "<group>"; };
		B6B932A926242633001B333F /* searchFactsResponse1.json */ = {isa = PBXFileReference; fileEncoding = 4; lastKnownFileType = text.json; path = searchFactsResponse1.json; sourceTree = "<group>"; };
		B6B932AA26242633001B333F /* searchFactsResponse2.json */ = {isa = PBXFileReference; fileEncoding = 4; lastKnownFileType = text.json; path = searchFactsResponse2.json; sourceTree = "<group>"; };
		B6B932AB26242633001B333F /* searchFactsResponse3.json */ = {isa = PBXFileReference; fileEncoding = 4; lastKnownFileType = text.json; path = searchFactsResponse3.json; sourceTree = "<group>"; };
		B6B932AC26242633001B333F /* searchFactsResponseError.json */ = {isa = PBXFileReference; fileEncoding = 4; lastKnownFileType = text.json; path = searchFactsResponseError.json; sourceTree = "<group>"; };
		B6B932C42624365F001B333F /* XCTestCase.swift */ = {isa = PBXFileReference; lastKnownFileType = sourcecode.swift; path = XCTestCase.swift; sourceTree = "<group>"; };
		B6C8004826218831004F26AE /* FactsListElements.swift */ = {isa = PBXFileReference; lastKnownFileType = sourcecode.swift; path = FactsListElements.swift; sourceTree = "<group>"; };
		B6C8004E26218921004F26AE /* SearchFactsElements.swift */ = {isa = PBXFileReference; lastKnownFileType = sourcecode.swift; path = SearchFactsElements.swift; sourceTree = "<group>"; };
		B6C800562621894F004F26AE /* SearchFactsUITests.swift */ = {isa = PBXFileReference; lastKnownFileType = sourcecode.swift; path = SearchFactsUITests.swift; sourceTree = "<group>"; };
		B6C800B42621A033004F26AE /* XCUIApplication.swift */ = {isa = PBXFileReference; lastKnownFileType = sourcecode.swift; path = XCUIApplication.swift; sourceTree = "<group>"; };
		B6E333FA2617F01A0058C0B8 /* FactsListViewModelTests.swift */ = {isa = PBXFileReference; lastKnownFileType = sourcecode.swift; path = FactsListViewModelTests.swift; sourceTree = "<group>"; };
		B6E334542618489E0058C0B8 /* FactsInteractorMock.swift */ = {isa = PBXFileReference; lastKnownFileType = sourcecode.swift; path = FactsInteractorMock.swift; sourceTree = "<group>"; };
		B6E573A2262160C100A42DD4 /* SearchFactsViewControllerTests.swift */ = {isa = PBXFileReference; lastKnownFileType = sourcecode.swift; path = SearchFactsViewControllerTests.swift; sourceTree = "<group>"; };
		B6E573A626216EA700A42DD4 /* SearchFactsViewModelTests.swift */ = {isa = PBXFileReference; lastKnownFileType = sourcecode.swift; path = SearchFactsViewModelTests.swift; sourceTree = "<group>"; };
		B6E573AD26217AEC00A42DD4 /* FactsUITests.xctest */ = {isa = PBXFileReference; explicitFileType = wrapper.cfbundle; includeInIndex = 0; path = FactsUITests.xctest; sourceTree = BUILT_PRODUCTS_DIR; };
		B6E573AF26217AEC00A42DD4 /* FactsListUITests.swift */ = {isa = PBXFileReference; lastKnownFileType = sourcecode.swift; path = FactsListUITests.swift; sourceTree = "<group>"; };
		B6E573B126217AEC00A42DD4 /* Info.plist */ = {isa = PBXFileReference; lastKnownFileType = text.plist.xml; path = Info.plist; sourceTree = "<group>"; };
		B6F9BF68262BE1CE00C83BD3 /* SearchFactsSceneResult.swift */ = {isa = PBXFileReference; lastKnownFileType = sourcecode.swift; name = SearchFactsSceneResult.swift; path = Facts/Scenes/SearchFactsSceneResult.swift; sourceTree = SOURCE_ROOT; };
		D65FFD7E246E4952334DD3E2 /* Pods-Facts-FactsTests.release.xcconfig */ = {isa = PBXFileReference; includeInIndex = 1; lastKnownFileType = text.xcconfig; name = "Pods-Facts-FactsTests.release.xcconfig"; path = "Target Support Files/Pods-Facts-FactsTests/Pods-Facts-FactsTests.release.xcconfig"; sourceTree = "<group>"; };
		EE0F4FAD44C3BA4AEAB93248 /* Pods_Facts_FactsTests.framework */ = {isa = PBXFileReference; explicitFileType = wrapper.framework; includeInIndex = 0; path = Pods_Facts_FactsTests.framework; sourceTree = BUILT_PRODUCTS_DIR; };
		F7F2F9A98BAE4F475B070AD2 /* Pods-App-Facts.debug.xcconfig */ = {isa = PBXFileReference; includeInIndex = 1; lastKnownFileType = text.xcconfig; name = "Pods-App-Facts.debug.xcconfig"; path = "Target Support Files/Pods-App-Facts/Pods-App-Facts.debug.xcconfig"; sourceTree = "<group>"; };
/* End PBXFileReference section */

/* Begin PBXFrameworksBuildPhase section */
		B6A6CA202613EF9D0097A2DF /* Frameworks */ = {
			isa = PBXFrameworksBuildPhase;
			buildActionMask = 2147483647;
			files = (
				B6A6CB4B2613FA5C0097A2DF /* Domain.framework in Frameworks */,
				63E0220ABA4CADA34F283990 /* Pods_Facts.framework in Frameworks */,
			);
			runOnlyForDeploymentPostprocessing = 0;
		};
		B6A6CA292613EF9D0097A2DF /* Frameworks */ = {
			isa = PBXFrameworksBuildPhase;
			buildActionMask = 2147483647;
			files = (
				B6A6CB98261401AB0097A2DF /* Facts.framework in Frameworks */,
				D8ED53E7C426AA66E796C3E3 /* Pods_Facts_FactsTests.framework in Frameworks */,
			);
			runOnlyForDeploymentPostprocessing = 0;
		};
		B6E573AA26217AEC00A42DD4 /* Frameworks */ = {
			isa = PBXFrameworksBuildPhase;
			buildActionMask = 2147483647;
			files = (
			);
			runOnlyForDeploymentPostprocessing = 0;
		};
/* End PBXFrameworksBuildPhase section */

/* Begin PBXGroup section */
		B6932A4C2619900500F2DD69 /* Fact */ = {
			isa = PBXGroup;
			children = (
				B6A6CA4E2613F41D0097A2DF /* FactListCell.swift */,
				B6A6CA482613F4130097A2DF /* FactViewModel.swift */,
			);
			path = Fact;
			sourceTree = "<group>";
		};
		B6A6CA192613EF9D0097A2DF = {
			isa = PBXGroup;
			children = (
				B6A6CA252613EF9D0097A2DF /* Facts */,
				B6A6CA302613EF9D0097A2DF /* FactsTests */,
				B6E573AE26217AEC00A42DD4 /* FactsUITests */,
				B6A6CA242613EF9D0097A2DF /* Products */,
				B6A6CAEA2613F7310097A2DF /* Frameworks */,
				B752E69A813A7A1D8575D442 /* Pods */,
			);
			sourceTree = "<group>";
		};
		B6A6CA242613EF9D0097A2DF /* Products */ = {
			isa = PBXGroup;
			children = (
				B6A6CA232613EF9D0097A2DF /* Facts.framework */,
				B6A6CA2C2613EF9D0097A2DF /* FactsTests.xctest */,
				B6E573AD26217AEC00A42DD4 /* FactsUITests.xctest */,
			);
			name = Products;
			sourceTree = "<group>";
		};
		B6A6CA252613EF9D0097A2DF /* Facts */ = {
			isa = PBXGroup;
			children = (
				B6A6CA452613EFDC0097A2DF /* Scenes */,
				B6A6CA3F2613EFAB0097A2DF /* Coordinators */,
				B6A6CA6E2613F4C70097A2DF /* Extensions */,
				B6A6CA6F2613F4DE0097A2DF /* Resources */,
				B6A6CA262613EF9D0097A2DF /* Facts.h */,
				B6A6CA272613EF9D0097A2DF /* Info.plist */,
			);
			path = Facts;
			sourceTree = "<group>";
		};
		B6A6CA302613EF9D0097A2DF /* FactsTests */ = {
			isa = PBXGroup;
			children = (
				B6E333FE2617F0320058C0B8 /* Scenes */,
				B6E334532618485F0058C0B8 /* Mocks */,
				B6B9329626242510001B333F /* Stubs */,
				B6B932C326243652001B333F /* Extensions */,
				B6A6CA332613EF9D0097A2DF /* Info.plist */,
			);
			path = FactsTests;
			sourceTree = "<group>";
		};
		B6A6CA3F2613EFAB0097A2DF /* Coordinators */ = {
			isa = PBXGroup;
			children = (
				B6A6CA402613EFBE0097A2DF /* SearchFactsCoordinator.swift */,
			);
			path = Coordinators;
			sourceTree = "<group>";
		};
		B6A6CA452613EFDC0097A2DF /* Scenes */ = {
			isa = PBXGroup;
			children = (
				B6A6CA462613F3F20097A2DF /* FactsListScene */,
				B6A6CA472613F3FC0097A2DF /* SearchFactsScene */,
			);
			path = Scenes;
			sourceTree = "<group>";
		};
		B6A6CA462613F3F20097A2DF /* FactsListScene */ = {
			isa = PBXGroup;
			children = (
				B6932A4C2619900500F2DD69 /* Fact */,
				B6A6CA522613F4270097A2DF /* FactsListViewController.swift */,
				B6A6CA5A2613F4380097A2DF /* FactsListViewModel.swift */,
				B6A6CA562613F4300097A2DF /* FactsListManufacturing.swift */,
			);
			path = FactsListScene;
			sourceTree = "<group>";
		};
		B6A6CA472613F3FC0097A2DF /* SearchFactsScene */ = {
			isa = PBXGroup;
			children = (
				B6A6CA5E2613F4820097A2DF /* SearchFactsView.swift */,
				B6A6CA622613F4880097A2DF /* SearchFactsViewController.swift */,
				B6A6CA662613F4900097A2DF /* SearchFactsViewModel.swift */,
				B6A6CA6A2613F4970097A2DF /* SearchFactsManufacturing.swift */,
				B6F9BF68262BE1CE00C83BD3 /* SearchFactsSceneResult.swift */,
			);
			path = SearchFactsScene;
			sourceTree = "<group>";
		};
		B6A6CA6E2613F4C70097A2DF /* Extensions */ = {
			isa = PBXGroup;
			children = (
				B6A6CA702613F4F90097A2DF /* UIView.swift */,
			);
			name = Extensions;
			path = ..;
			sourceTree = "<group>";
		};
		B6A6CA6F2613F4DE0097A2DF /* Resources */ = {
			isa = PBXGroup;
			children = (
				B6A6CA762613F5180097A2DF /* Localizable.strings */,
				B6A6CB162613F8730097A2DF /* SwiftGenStrings.swift */,
			);
			path = Resources;
			sourceTree = "<group>";
		};
		B6A6CAEA2613F7310097A2DF /* Frameworks */ = {
			isa = PBXGroup;
			children = (
				B6A6CAEB2613F7310097A2DF /* Domain.framework */,
				16D8DE31B31EF01AF503C545 /* Pods_Facts.framework */,
				EE0F4FAD44C3BA4AEAB93248 /* Pods_Facts_FactsTests.framework */,
			);
			name = Frameworks;
			sourceTree = "<group>";
		};
		B6B9329626242510001B333F /* Stubs */ = {
			isa = PBXGroup;
			children = (
				B6B932A926242633001B333F /* searchFactsResponse1.json */,
				B6B932AA26242633001B333F /* searchFactsResponse2.json */,
				B6B932AB26242633001B333F /* searchFactsResponse3.json */,
				B6B932AC26242633001B333F /* searchFactsResponseError.json */,
			);
			path = Stubs;
			sourceTree = "<group>";
		};
		B6B932C326243652001B333F /* Extensions */ = {
			isa = PBXGroup;
			children = (
				B6B932C42624365F001B333F /* XCTestCase.swift */,
			);
			path = Extensions;
			sourceTree = "<group>";
		};
		B6C80045262187A9004F26AE /* Scenes */ = {
			isa = PBXGroup;
			children = (
				B6C80046262187B5004F26AE /* FactsListScene */,
				B6C80047262187C7004F26AE /* SearchFactsScene */,
			);
			path = Scenes;
			sourceTree = "<group>";
		};
		B6C80046262187B5004F26AE /* FactsListScene */ = {
			isa = PBXGroup;
			children = (
				B6C8004826218831004F26AE /* FactsListElements.swift */,
				B6E573AF26217AEC00A42DD4 /* FactsListUITests.swift */,
			);
			path = FactsListScene;
			sourceTree = "<group>";
		};
		B6C80047262187C7004F26AE /* SearchFactsScene */ = {
			isa = PBXGroup;
			children = (
				B6C8004E26218921004F26AE /* SearchFactsElements.swift */,
				B6C800562621894F004F26AE /* SearchFactsUITests.swift */,
			);
			path = SearchFactsScene;
			sourceTree = "<group>";
		};
		B6C800B32621A01C004F26AE /* Extensions */ = {
			isa = PBXGroup;
			children = (
				B6656F3C2621A7A8008EE8A7 /* XCUIElement.swift */,
				B6C800B42621A033004F26AE /* XCUIApplication.swift */,
			);
			path = Extensions;
			sourceTree = "<group>";
		};
		B6E333FE2617F0320058C0B8 /* Scenes */ = {
			isa = PBXGroup;
			children = (
				B6E333FF2617F03C0058C0B8 /* FactsListScene */,
				B6E573A12621609000A42DD4 /* SearchFactsScene */,
			);
			path = Scenes;
			sourceTree = "<group>";
		};
		B6E333FF2617F03C0058C0B8 /* FactsListScene */ = {
			isa = PBXGroup;
			children = (
				B6A6CB192613F8D50097A2DF /* FactListCellTests.swift */,
				B6268AD8261E859B000BD908 /* FactsListViewControllerTests.swift */,
				B6E333FA2617F01A0058C0B8 /* FactsListViewModelTests.swift */,
			);
			path = FactsListScene;
			sourceTree = "<group>";
		};
		B6E334532618485F0058C0B8 /* Mocks */ = {
			isa = PBXGroup;
			children = (
				B618C21A261A6D82000EAD71 /* FactsCoordinatorMock.swift */,
				B6E334542618489E0058C0B8 /* FactsInteractorMock.swift */,
			);
			path = Mocks;
			sourceTree = "<group>";
		};
		B6E573A12621609000A42DD4 /* SearchFactsScene */ = {
			isa = PBXGroup;
			children = (
				B6E573A2262160C100A42DD4 /* SearchFactsViewControllerTests.swift */,
				B6E573A626216EA700A42DD4 /* SearchFactsViewModelTests.swift */,
			);
			path = SearchFactsScene;
			sourceTree = "<group>";
		};
		B6E573AE26217AEC00A42DD4 /* FactsUITests */ = {
			isa = PBXGroup;
			children = (
				B6C80045262187A9004F26AE /* Scenes */,
				B6C800B32621A01C004F26AE /* Extensions */,
				B6E573B126217AEC00A42DD4 /* Info.plist */,
			);
			path = FactsUITests;
			sourceTree = "<group>";
		};
		B752E69A813A7A1D8575D442 /* Pods */ = {
			isa = PBXGroup;
			children = (
				A7DFBFEC20EFFD6D9EF6486A /* Pods-Facts.debug.xcconfig */,
				5BCA5290FFD95EF8C9FA0713 /* Pods-Facts.release.xcconfig */,
				F7F2F9A98BAE4F475B070AD2 /* Pods-App-Facts.debug.xcconfig */,
				A24AA85D8DE0AB5BC3458368 /* Pods-App-Facts.release.xcconfig */,
				394760A0E962148C801669F7 /* Pods-Facts-FactsTests.debug.xcconfig */,
				D65FFD7E246E4952334DD3E2 /* Pods-Facts-FactsTests.release.xcconfig */,
			);
			name = Pods;
			path = ../Pods;
			sourceTree = "<group>";
		};
/* End PBXGroup section */

/* Begin PBXHeadersBuildPhase section */
		B6A6CA1E2613EF9D0097A2DF /* Headers */ = {
			isa = PBXHeadersBuildPhase;
			buildActionMask = 2147483647;
			files = (
				B6A6CA342613EF9D0097A2DF /* Facts.h in Headers */,
			);
			runOnlyForDeploymentPostprocessing = 0;
		};
/* End PBXHeadersBuildPhase section */

/* Begin PBXNativeTarget section */
		B6A6CA222613EF9D0097A2DF /* Facts */ = {
			isa = PBXNativeTarget;
			buildConfigurationList = B6A6CA372613EF9D0097A2DF /* Build configuration list for PBXNativeTarget "Facts" */;
			buildPhases = (
				D5D9B52597024A1B32107752 /* [CP] Check Pods Manifest.lock */,
				B6A6CA1E2613EF9D0097A2DF /* Headers */,
				B6A6CA1F2613EF9D0097A2DF /* Sources */,
				B6A6CA202613EF9D0097A2DF /* Frameworks */,
				B6A6CA212613EF9D0097A2DF /* Resources */,
			);
			buildRules = (
			);
			dependencies = (
			);
			name = Facts;
			productName = Facts;
			productReference = B6A6CA232613EF9D0097A2DF /* Facts.framework */;
			productType = "com.apple.product-type.framework";
		};
		B6A6CA2B2613EF9D0097A2DF /* FactsTests */ = {
			isa = PBXNativeTarget;
			buildConfigurationList = B6A6CA3A2613EF9D0097A2DF /* Build configuration list for PBXNativeTarget "FactsTests" */;
			buildPhases = (
				99298D34F5D92585712AB8D7 /* [CP] Check Pods Manifest.lock */,
				B6A6CA282613EF9D0097A2DF /* Sources */,
				B6A6CA292613EF9D0097A2DF /* Frameworks */,
				B6A6CA2A2613EF9D0097A2DF /* Resources */,
				38B22885676614281552B124 /* [CP] Embed Pods Frameworks */,
			);
			buildRules = (
			);
			dependencies = (
				B6A6CA2F2613EF9D0097A2DF /* PBXTargetDependency */,
			);
			name = FactsTests;
			productName = FactsTests;
			productReference = B6A6CA2C2613EF9D0097A2DF /* FactsTests.xctest */;
			productType = "com.apple.product-type.bundle.unit-test";
		};
		B6E573AC26217AEC00A42DD4 /* FactsUITests */ = {
			isa = PBXNativeTarget;
			buildConfigurationList = B6E573B226217AEC00A42DD4 /* Build configuration list for PBXNativeTarget "FactsUITests" */;
			buildPhases = (
				B6E573A926217AEC00A42DD4 /* Sources */,
				B6E573AA26217AEC00A42DD4 /* Frameworks */,
				B6E573AB26217AEC00A42DD4 /* Resources */,
			);
			buildRules = (
			);
			dependencies = (
			);
			name = FactsUITests;
			productName = FactsUITests;
			productReference = B6E573AD26217AEC00A42DD4 /* FactsUITests.xctest */;
			productType = "com.apple.product-type.bundle.ui-testing";
		};
/* End PBXNativeTarget section */

/* Begin PBXProject section */
		B6A6CA1A2613EF9D0097A2DF /* Project object */ = {
			isa = PBXProject;
			attributes = {
				LastSwiftUpdateCheck = 1240;
				LastUpgradeCheck = 1240;
				TargetAttributes = {
					B6A6CA222613EF9D0097A2DF = {
						CreatedOnToolsVersion = 12.4;
						LastSwiftMigration = 1240;
					};
					B6A6CA2B2613EF9D0097A2DF = {
						CreatedOnToolsVersion = 12.4;
					};
					B6E573AC26217AEC00A42DD4 = {
						CreatedOnToolsVersion = 12.4;
					};
				};
			};
			buildConfigurationList = B6A6CA1D2613EF9D0097A2DF /* Build configuration list for PBXProject "Facts" */;
			compatibilityVersion = "Xcode 9.3";
			developmentRegion = en;
			hasScannedForEncodings = 0;
			knownRegions = (
				en,
				Base,
			);
			mainGroup = B6A6CA192613EF9D0097A2DF;
			productRefGroup = B6A6CA242613EF9D0097A2DF /* Products */;
			projectDirPath = "";
			projectRoot = "";
			targets = (
				B6A6CA222613EF9D0097A2DF /* Facts */,
				B6A6CA2B2613EF9D0097A2DF /* FactsTests */,
				B6E573AC26217AEC00A42DD4 /* FactsUITests */,
			);
		};
/* End PBXProject section */

/* Begin PBXResourcesBuildPhase section */
		B6A6CA212613EF9D0097A2DF /* Resources */ = {
			isa = PBXResourcesBuildPhase;
			buildActionMask = 2147483647;
			files = (
				B6A6CA772613F5180097A2DF /* Localizable.strings in Resources */,
			);
			runOnlyForDeploymentPostprocessing = 0;
		};
		B6A6CA2A2613EF9D0097A2DF /* Resources */ = {
			isa = PBXResourcesBuildPhase;
			buildActionMask = 2147483647;
			files = (
				B6B932AD26242633001B333F /* searchFactsResponse1.json in Resources */,
				B6B932B026242634001B333F /* searchFactsResponseError.json in Resources */,
				B6B932AE26242634001B333F /* searchFactsResponse2.json in Resources */,
				B6B932AF26242634001B333F /* searchFactsResponse3.json in Resources */,
			);
			runOnlyForDeploymentPostprocessing = 0;
		};
		B6E573AB26217AEC00A42DD4 /* Resources */ = {
			isa = PBXResourcesBuildPhase;
			buildActionMask = 2147483647;
			files = (
			);
			runOnlyForDeploymentPostprocessing = 0;
		};
/* End PBXResourcesBuildPhase section */

/* Begin PBXShellScriptBuildPhase section */
		38B22885676614281552B124 /* [CP] Embed Pods Frameworks */ = {
			isa = PBXShellScriptBuildPhase;
			buildActionMask = 2147483647;
			files = (
			);
			inputFileListPaths = (
				"${PODS_ROOT}/Target Support Files/Pods-Facts-FactsTests/Pods-Facts-FactsTests-frameworks-${CONFIGURATION}-input-files.xcfilelist",
			);
			name = "[CP] Embed Pods Frameworks";
			outputFileListPaths = (
				"${PODS_ROOT}/Target Support Files/Pods-Facts-FactsTests/Pods-Facts-FactsTests-frameworks-${CONFIGURATION}-output-files.xcfilelist",
			);
			runOnlyForDeploymentPostprocessing = 0;
			shellPath = /bin/sh;
			shellScript = "\"${PODS_ROOT}/Target Support Files/Pods-Facts-FactsTests/Pods-Facts-FactsTests-frameworks.sh\"\n";
			showEnvVarsInLog = 0;
		};
		99298D34F5D92585712AB8D7 /* [CP] Check Pods Manifest.lock */ = {
			isa = PBXShellScriptBuildPhase;
			buildActionMask = 2147483647;
			files = (
			);
			inputFileListPaths = (
			);
			inputPaths = (
				"${PODS_PODFILE_DIR_PATH}/Podfile.lock",
				"${PODS_ROOT}/Manifest.lock",
			);
			name = "[CP] Check Pods Manifest.lock";
			outputFileListPaths = (
			);
			outputPaths = (
				"$(DERIVED_FILE_DIR)/Pods-Facts-FactsTests-checkManifestLockResult.txt",
			);
			runOnlyForDeploymentPostprocessing = 0;
			shellPath = /bin/sh;
			shellScript = "diff \"${PODS_PODFILE_DIR_PATH}/Podfile.lock\" \"${PODS_ROOT}/Manifest.lock\" > /dev/null\nif [ $? != 0 ] ; then\n    # print error to STDERR\n    echo \"error: The sandbox is not in sync with the Podfile.lock. Run 'pod install' or update your CocoaPods installation.\" >&2\n    exit 1\nfi\n# This output is used by Xcode 'outputs' to avoid re-running this script phase.\necho \"SUCCESS\" > \"${SCRIPT_OUTPUT_FILE_0}\"\n";
			showEnvVarsInLog = 0;
		};
		D5D9B52597024A1B32107752 /* [CP] Check Pods Manifest.lock */ = {
			isa = PBXShellScriptBuildPhase;
			buildActionMask = 2147483647;
			files = (
			);
			inputFileListPaths = (
			);
			inputPaths = (
				"${PODS_PODFILE_DIR_PATH}/Podfile.lock",
				"${PODS_ROOT}/Manifest.lock",
			);
			name = "[CP] Check Pods Manifest.lock";
			outputFileListPaths = (
			);
			outputPaths = (
				"$(DERIVED_FILE_DIR)/Pods-Facts-checkManifestLockResult.txt",
			);
			runOnlyForDeploymentPostprocessing = 0;
			shellPath = /bin/sh;
			shellScript = "diff \"${PODS_PODFILE_DIR_PATH}/Podfile.lock\" \"${PODS_ROOT}/Manifest.lock\" > /dev/null\nif [ $? != 0 ] ; then\n    # print error to STDERR\n    echo \"error: The sandbox is not in sync with the Podfile.lock. Run 'pod install' or update your CocoaPods installation.\" >&2\n    exit 1\nfi\n# This output is used by Xcode 'outputs' to avoid re-running this script phase.\necho \"SUCCESS\" > \"${SCRIPT_OUTPUT_FILE_0}\"\n";
			showEnvVarsInLog = 0;
		};
/* End PBXShellScriptBuildPhase section */

/* Begin PBXSourcesBuildPhase section */
		B6A6CA1F2613EF9D0097A2DF /* Sources */ = {
			isa = PBXSourcesBuildPhase;
			buildActionMask = 2147483647;
			files = (
				B6A6CA6B2613F4970097A2DF /* SearchFactsManufacturing.swift in Sources */,
				B6A6CA632613F4880097A2DF /* SearchFactsViewController.swift in Sources */,
				B6A6CA712613F4F90097A2DF /* UIView.swift in Sources */,
				B6A6CA5B2613F4380097A2DF /* FactsListViewModel.swift in Sources */,
				B6A6CA5F2613F4820097A2DF /* SearchFactsView.swift in Sources */,
				B6A6CB172613F8730097A2DF /* SwiftGenStrings.swift in Sources */,
				B6A6CA572613F4300097A2DF /* FactsListManufacturing.swift in Sources */,
				B6F9BF69262BE1CE00C83BD3 /* SearchFactsSceneResult.swift in Sources */,
				B6A6CA532613F4270097A2DF /* FactsListViewController.swift in Sources */,
				B6A6CA492613F4130097A2DF /* FactViewModel.swift in Sources */,
				B6A6CA672613F4900097A2DF /* SearchFactsViewModel.swift in Sources */,
				B6A6CA4F2613F41D0097A2DF /* FactListCell.swift in Sources */,
				B6A6CA412613EFBE0097A2DF /* SearchFactsCoordinator.swift in Sources */,
			);
			runOnlyForDeploymentPostprocessing = 0;
		};
		B6A6CA282613EF9D0097A2DF /* Sources */ = {
			isa = PBXSourcesBuildPhase;
			buildActionMask = 2147483647;
			files = (
				B618C21B261A6D82000EAD71 /* FactsCoordinatorMock.swift in Sources */,
				B6A6CB1A2613F8D50097A2DF /* FactListCellTests.swift in Sources */,
				B6B932C52624365F001B333F /* XCTestCase.swift in Sources */,
				B6E573A3262160C100A42DD4 /* SearchFactsViewControllerTests.swift in Sources */,
				B6E573A726216EA700A42DD4 /* SearchFactsViewModelTests.swift in Sources */,
				B6E333FB2617F01A0058C0B8 /* FactsListViewModelTests.swift in Sources */,
				B6268AD9261E859B000BD908 /* FactsListViewControllerTests.swift in Sources */,
				B6E334552618489E0058C0B8 /* FactsInteractorMock.swift in Sources */,
			);
			runOnlyForDeploymentPostprocessing = 0;
		};
		B6E573A926217AEC00A42DD4 /* Sources */ = {
			isa = PBXSourcesBuildPhase;
			buildActionMask = 2147483647;
			files = (
				B6C8004926218831004F26AE /* FactsListElements.swift in Sources */,
				B6656F3D2621A7A8008EE8A7 /* XCUIElement.swift in Sources */,
				B6E573B026217AEC00A42DD4 /* FactsListUITests.swift in Sources */,
				B6C800B52621A033004F26AE /* XCUIApplication.swift in Sources */,
				B6C8004F26218921004F26AE /* SearchFactsElements.swift in Sources */,
				B6C800572621894F004F26AE /* SearchFactsUITests.swift in Sources */,
			);
			runOnlyForDeploymentPostprocessing = 0;
		};
/* End PBXSourcesBuildPhase section */

/* Begin PBXTargetDependency section */
		B6A6CA2F2613EF9D0097A2DF /* PBXTargetDependency */ = {
			isa = PBXTargetDependency;
			target = B6A6CA222613EF9D0097A2DF /* Facts */;
			targetProxy = B6A6CA2E2613EF9D0097A2DF /* PBXContainerItemProxy */;
		};
/* End PBXTargetDependency section */

/* Begin XCBuildConfiguration section */
		B6A6CA352613EF9D0097A2DF /* Debug */ = {
			isa = XCBuildConfiguration;
			buildSettings = {
				ALWAYS_SEARCH_USER_PATHS = NO;
				CLANG_ANALYZER_NONNULL = YES;
				CLANG_ANALYZER_NUMBER_OBJECT_CONVERSION = YES_AGGRESSIVE;
				CLANG_CXX_LANGUAGE_STANDARD = "gnu++14";
				CLANG_CXX_LIBRARY = "libc++";
				CLANG_ENABLE_MODULES = YES;
				CLANG_ENABLE_OBJC_ARC = YES;
				CLANG_ENABLE_OBJC_WEAK = YES;
				CLANG_WARN_BLOCK_CAPTURE_AUTORELEASING = YES;
				CLANG_WARN_BOOL_CONVERSION = YES;
				CLANG_WARN_COMMA = YES;
				CLANG_WARN_CONSTANT_CONVERSION = YES;
				CLANG_WARN_DEPRECATED_OBJC_IMPLEMENTATIONS = YES;
				CLANG_WARN_DIRECT_OBJC_ISA_USAGE = YES_ERROR;
				CLANG_WARN_DOCUMENTATION_COMMENTS = YES;
				CLANG_WARN_EMPTY_BODY = YES;
				CLANG_WARN_ENUM_CONVERSION = YES;
				CLANG_WARN_INFINITE_RECURSION = YES;
				CLANG_WARN_INT_CONVERSION = YES;
				CLANG_WARN_NON_LITERAL_NULL_CONVERSION = YES;
				CLANG_WARN_OBJC_IMPLICIT_RETAIN_SELF = YES;
				CLANG_WARN_OBJC_LITERAL_CONVERSION = YES;
				CLANG_WARN_OBJC_ROOT_CLASS = YES_ERROR;
				CLANG_WARN_QUOTED_INCLUDE_IN_FRAMEWORK_HEADER = YES;
				CLANG_WARN_RANGE_LOOP_ANALYSIS = YES;
				CLANG_WARN_STRICT_PROTOTYPES = YES;
				CLANG_WARN_SUSPICIOUS_MOVE = YES;
				CLANG_WARN_UNGUARDED_AVAILABILITY = YES_AGGRESSIVE;
				CLANG_WARN_UNREACHABLE_CODE = YES;
				CLANG_WARN__DUPLICATE_METHOD_MATCH = YES;
				COPY_PHASE_STRIP = NO;
				CURRENT_PROJECT_VERSION = 1;
				DEBUG_INFORMATION_FORMAT = dwarf;
				ENABLE_STRICT_OBJC_MSGSEND = YES;
				ENABLE_TESTABILITY = YES;
				GCC_C_LANGUAGE_STANDARD = gnu11;
				GCC_DYNAMIC_NO_PIC = NO;
				GCC_NO_COMMON_BLOCKS = YES;
				GCC_OPTIMIZATION_LEVEL = 0;
				GCC_PREPROCESSOR_DEFINITIONS = (
					"DEBUG=1",
					"$(inherited)",
				);
				GCC_WARN_64_TO_32_BIT_CONVERSION = YES;
				GCC_WARN_ABOUT_RETURN_TYPE = YES_ERROR;
				GCC_WARN_UNDECLARED_SELECTOR = YES;
				GCC_WARN_UNINITIALIZED_AUTOS = YES_AGGRESSIVE;
				GCC_WARN_UNUSED_FUNCTION = YES;
				GCC_WARN_UNUSED_VARIABLE = YES;
				IPHONEOS_DEPLOYMENT_TARGET = 14.4;
				MTL_ENABLE_DEBUG_INFO = INCLUDE_SOURCE;
				MTL_FAST_MATH = YES;
				ONLY_ACTIVE_ARCH = YES;
				SDKROOT = iphoneos;
				SWIFT_ACTIVE_COMPILATION_CONDITIONS = DEBUG;
				SWIFT_OPTIMIZATION_LEVEL = "-Onone";
				VERSIONING_SYSTEM = "apple-generic";
				VERSION_INFO_PREFIX = "";
			};
			name = Debug;
		};
		B6A6CA362613EF9D0097A2DF /* Release */ = {
			isa = XCBuildConfiguration;
			buildSettings = {
				ALWAYS_SEARCH_USER_PATHS = NO;
				CLANG_ANALYZER_NONNULL = YES;
				CLANG_ANALYZER_NUMBER_OBJECT_CONVERSION = YES_AGGRESSIVE;
				CLANG_CXX_LANGUAGE_STANDARD = "gnu++14";
				CLANG_CXX_LIBRARY = "libc++";
				CLANG_ENABLE_MODULES = YES;
				CLANG_ENABLE_OBJC_ARC = YES;
				CLANG_ENABLE_OBJC_WEAK = YES;
				CLANG_WARN_BLOCK_CAPTURE_AUTORELEASING = YES;
				CLANG_WARN_BOOL_CONVERSION = YES;
				CLANG_WARN_COMMA = YES;
				CLANG_WARN_CONSTANT_CONVERSION = YES;
				CLANG_WARN_DEPRECATED_OBJC_IMPLEMENTATIONS = YES;
				CLANG_WARN_DIRECT_OBJC_ISA_USAGE = YES_ERROR;
				CLANG_WARN_DOCUMENTATION_COMMENTS = YES;
				CLANG_WARN_EMPTY_BODY = YES;
				CLANG_WARN_ENUM_CONVERSION = YES;
				CLANG_WARN_INFINITE_RECURSION = YES;
				CLANG_WARN_INT_CONVERSION = YES;
				CLANG_WARN_NON_LITERAL_NULL_CONVERSION = YES;
				CLANG_WARN_OBJC_IMPLICIT_RETAIN_SELF = YES;
				CLANG_WARN_OBJC_LITERAL_CONVERSION = YES;
				CLANG_WARN_OBJC_ROOT_CLASS = YES_ERROR;
				CLANG_WARN_QUOTED_INCLUDE_IN_FRAMEWORK_HEADER = YES;
				CLANG_WARN_RANGE_LOOP_ANALYSIS = YES;
				CLANG_WARN_STRICT_PROTOTYPES = YES;
				CLANG_WARN_SUSPICIOUS_MOVE = YES;
				CLANG_WARN_UNGUARDED_AVAILABILITY = YES_AGGRESSIVE;
				CLANG_WARN_UNREACHABLE_CODE = YES;
				CLANG_WARN__DUPLICATE_METHOD_MATCH = YES;
				COPY_PHASE_STRIP = NO;
				CURRENT_PROJECT_VERSION = 1;
				DEBUG_INFORMATION_FORMAT = "dwarf-with-dsym";
				ENABLE_NS_ASSERTIONS = NO;
				ENABLE_STRICT_OBJC_MSGSEND = YES;
				GCC_C_LANGUAGE_STANDARD = gnu11;
				GCC_NO_COMMON_BLOCKS = YES;
				GCC_WARN_64_TO_32_BIT_CONVERSION = YES;
				GCC_WARN_ABOUT_RETURN_TYPE = YES_ERROR;
				GCC_WARN_UNDECLARED_SELECTOR = YES;
				GCC_WARN_UNINITIALIZED_AUTOS = YES_AGGRESSIVE;
				GCC_WARN_UNUSED_FUNCTION = YES;
				GCC_WARN_UNUSED_VARIABLE = YES;
				IPHONEOS_DEPLOYMENT_TARGET = 14.4;
				MTL_ENABLE_DEBUG_INFO = NO;
				MTL_FAST_MATH = YES;
				SDKROOT = iphoneos;
				SWIFT_COMPILATION_MODE = wholemodule;
				SWIFT_OPTIMIZATION_LEVEL = "-O";
				VALIDATE_PRODUCT = YES;
				VERSIONING_SYSTEM = "apple-generic";
				VERSION_INFO_PREFIX = "";
			};
			name = Release;
		};
		B6A6CA382613EF9D0097A2DF /* Debug */ = {
			isa = XCBuildConfiguration;
			baseConfigurationReference = A7DFBFEC20EFFD6D9EF6486A /* Pods-Facts.debug.xcconfig */;
			buildSettings = {
				CLANG_ENABLE_MODULES = YES;
				CODE_SIGN_STYLE = Automatic;
				DEFINES_MODULE = YES;
				DEVELOPMENT_TEAM = W784K89ZH2;
				DYLIB_COMPATIBILITY_VERSION = 1;
				DYLIB_CURRENT_VERSION = 1;
				DYLIB_INSTALL_NAME_BASE = "@rpath";
				INFOPLIST_FILE = Facts/Info.plist;
				INSTALL_PATH = "$(LOCAL_LIBRARY_DIR)/Frameworks";
				LD_RUNPATH_SEARCH_PATHS = (
					"$(inherited)",
					"@executable_path/Frameworks",
					"@loader_path/Frameworks",
				);
				PRODUCT_BUNDLE_IDENTIFIER = Fred.Facts;
				PRODUCT_NAME = "$(TARGET_NAME:c99extidentifier)";
				SKIP_INSTALL = YES;
				SUPPORTS_MACCATALYST = NO;
				SUPPORTS_MAC_DESIGNED_FOR_IPHONE_IPAD = NO;
				SWIFT_OPTIMIZATION_LEVEL = "-Onone";
				SWIFT_VERSION = 5.0;
				TARGETED_DEVICE_FAMILY = "1,2";
			};
			name = Debug;
		};
		B6A6CA392613EF9D0097A2DF /* Release */ = {
			isa = XCBuildConfiguration;
			baseConfigurationReference = 5BCA5290FFD95EF8C9FA0713 /* Pods-Facts.release.xcconfig */;
			buildSettings = {
				CLANG_ENABLE_MODULES = YES;
				CODE_SIGN_STYLE = Automatic;
				DEFINES_MODULE = YES;
				DEVELOPMENT_TEAM = W784K89ZH2;
				DYLIB_COMPATIBILITY_VERSION = 1;
				DYLIB_CURRENT_VERSION = 1;
				DYLIB_INSTALL_NAME_BASE = "@rpath";
				INFOPLIST_FILE = Facts/Info.plist;
				INSTALL_PATH = "$(LOCAL_LIBRARY_DIR)/Frameworks";
				LD_RUNPATH_SEARCH_PATHS = (
					"$(inherited)",
					"@executable_path/Frameworks",
					"@loader_path/Frameworks",
				);
				PRODUCT_BUNDLE_IDENTIFIER = Fred.Facts;
				PRODUCT_NAME = "$(TARGET_NAME:c99extidentifier)";
				SKIP_INSTALL = YES;
				SUPPORTS_MACCATALYST = NO;
				SUPPORTS_MAC_DESIGNED_FOR_IPHONE_IPAD = NO;
				SWIFT_VERSION = 5.0;
				TARGETED_DEVICE_FAMILY = "1,2";
			};
			name = Release;
		};
		B6A6CA3B2613EF9D0097A2DF /* Debug */ = {
			isa = XCBuildConfiguration;
			baseConfigurationReference = 394760A0E962148C801669F7 /* Pods-Facts-FactsTests.debug.xcconfig */;
			buildSettings = {
				ALWAYS_EMBED_SWIFT_STANDARD_LIBRARIES = NO;
				CODE_SIGN_STYLE = Automatic;
				DEVELOPMENT_TEAM = W784K89ZH2;
				INFOPLIST_FILE = FactsTests/Info.plist;
				LD_RUNPATH_SEARCH_PATHS = (
					"$(inherited)",
					"@executable_path/Frameworks",
					"@loader_path/Frameworks",
				);
				PRODUCT_BUNDLE_IDENTIFIER = Fred.FactsTests;
				PRODUCT_NAME = "$(TARGET_NAME)";
				SWIFT_VERSION = 5.0;
				TARGETED_DEVICE_FAMILY = "1,2";
			};
			name = Debug;
		};
		B6A6CA3C2613EF9D0097A2DF /* Release */ = {
			isa = XCBuildConfiguration;
			baseConfigurationReference = D65FFD7E246E4952334DD3E2 /* Pods-Facts-FactsTests.release.xcconfig */;
			buildSettings = {
				ALWAYS_EMBED_SWIFT_STANDARD_LIBRARIES = NO;
				CODE_SIGN_STYLE = Automatic;
				DEVELOPMENT_TEAM = W784K89ZH2;
				INFOPLIST_FILE = FactsTests/Info.plist;
				LD_RUNPATH_SEARCH_PATHS = (
					"$(inherited)",
					"@executable_path/Frameworks",
					"@loader_path/Frameworks",
				);
				PRODUCT_BUNDLE_IDENTIFIER = Fred.FactsTests;
				PRODUCT_NAME = "$(TARGET_NAME)";
				SWIFT_VERSION = 5.0;
				TARGETED_DEVICE_FAMILY = "1,2";
			};
			name = Release;
		};
		B6E573B326217AEC00A42DD4 /* Debug */ = {
			isa = XCBuildConfiguration;
			buildSettings = {
				CODE_SIGN_STYLE = Automatic;
				DEVELOPMENT_TEAM = W784K89ZH2;
				INFOPLIST_FILE = FactsUITests/Info.plist;
				LD_RUNPATH_SEARCH_PATHS = (
					"$(inherited)",
					"@executable_path/Frameworks",
					"@loader_path/Frameworks",
				);
				PRODUCT_BUNDLE_IDENTIFIER = Fred.FactsUITests;
				PRODUCT_NAME = "$(TARGET_NAME)";
				SWIFT_VERSION = 5.0;
				TARGETED_DEVICE_FAMILY = "1,2";
			};
			name = Debug;
		};
		B6E573B426217AEC00A42DD4 /* Release */ = {
			isa = XCBuildConfiguration;
			buildSettings = {
				CODE_SIGN_STYLE = Automatic;
				DEVELOPMENT_TEAM = W784K89ZH2;
				INFOPLIST_FILE = FactsUITests/Info.plist;
				LD_RUNPATH_SEARCH_PATHS = (
					"$(inherited)",
					"@executable_path/Frameworks",
					"@loader_path/Frameworks",
				);
				PRODUCT_BUNDLE_IDENTIFIER = Fred.FactsUITests;
				PRODUCT_NAME = "$(TARGET_NAME)";
				SWIFT_VERSION = 5.0;
				TARGETED_DEVICE_FAMILY = "1,2";
			};
			name = Release;
		};
/* End XCBuildConfiguration section */

/* Begin XCConfigurationList section */
		B6A6CA1D2613EF9D0097A2DF /* Build configuration list for PBXProject "Facts" */ = {
			isa = XCConfigurationList;
			buildConfigurations = (
				B6A6CA352613EF9D0097A2DF /* Debug */,
				B6A6CA362613EF9D0097A2DF /* Release */,
			);
			defaultConfigurationIsVisible = 0;
			defaultConfigurationName = Release;
		};
		B6A6CA372613EF9D0097A2DF /* Build configuration list for PBXNativeTarget "Facts" */ = {
			isa = XCConfigurationList;
			buildConfigurations = (
				B6A6CA382613EF9D0097A2DF /* Debug */,
				B6A6CA392613EF9D0097A2DF /* Release */,
			);
			defaultConfigurationIsVisible = 0;
			defaultConfigurationName = Release;
		};
		B6A6CA3A2613EF9D0097A2DF /* Build configuration list for PBXNativeTarget "FactsTests" */ = {
			isa = XCConfigurationList;
			buildConfigurations = (
				B6A6CA3B2613EF9D0097A2DF /* Debug */,
				B6A6CA3C2613EF9D0097A2DF /* Release */,
			);
			defaultConfigurationIsVisible = 0;
			defaultConfigurationName = Release;
		};
		B6E573B226217AEC00A42DD4 /* Build configuration list for PBXNativeTarget "FactsUITests" */ = {
			isa = XCConfigurationList;
			buildConfigurations = (
				B6E573B326217AEC00A42DD4 /* Debug */,
				B6E573B426217AEC00A42DD4 /* Release */,
			);
			defaultConfigurationIsVisible = 0;
			defaultConfigurationName = Release;
		};
/* End XCConfigurationList section */
	};
	rootObject = B6A6CA1A2613EF9D0097A2DF /* Project object */;
}
